// !$*UTF8*$!
{
	archiveVersion = 1;
	classes = {
	};
	objectVersion = 77;
	objects = {

/* Begin PBXBuildFile section */
		7C6509D82F54DDAB0018FD11 /* FESTIVAL_CHANGES_SUMMARY.md in Resources */ = {isa = PBXBuildFile; fileRef = 7C6509D72F54DDAB0018FD11 /* FESTIVAL_CHANGES_SUMMARY.md */; };
		7C6509DA2F54E81D0018FD11 /* FestivalListView.swift in Sources */ = {isa = PBXBuildFile; fileRef = 7C6509D92F54E81D0018FD11 /* FestivalListView.swift */; };
		7C6509DC2F54E8280018FD11 /* InsightsArtistListView.swift in Sources */ = {isa = PBXBuildFile; fileRef = 7C6509DB2F54E8280018FD11 /* InsightsArtistListView.swift */; };
		7C6509DE2F54E8350018FD11 /* VenueListView.swift in Sources */ = {isa = PBXBuildFile; fileRef = 7C6509DD2F54E8350018FD11 /* VenueListView.swift */; };
		7C6509E02F54E8420018FD11 /* VenueDetailView.swift in Sources */ = {isa = PBXBuildFile; fileRef = 7C6509DF2F54E8420018FD11 /* VenueDetailView.swift */; };
		7C6509E22F54E84C0018FD11 /* CityListView.swift in Sources */ = {isa = PBXBuildFile; fileRef = 7C6509E12F54E84C0018FD11 /* CityListView.swift */; };
		7C6509E42F54E8590018FD11 /* CityDetailView.swift in Sources */ = {isa = PBXBuildFile; fileRef = 7C6509E32F54E8590018FD11 /* CityDetailView.swift */; };
		7C6509E62F54E8680018FD11 /* ThisYearConcertsView.swift in Sources */ = {isa = PBXBuildFile; fileRef = 7C6509E52F54E8680018FD11 /* ThisYearConcertsView.swift */; };
		7C6509E82F54E8920018FD11 /* INTERACTIVE_INSIGHTS_SUMMARY.md in Resources */ = {isa = PBXBuildFile; fileRef = 7C6509E72F54E8920018FD11 /* INTERACTIVE_INSIGHTS_SUMMARY.md */; };
		7C6509EA2F54EFED0018FD11 /* FestivalHistoryView.swift in Sources */ = {isa = PBXBuildFile; fileRef = 7C6509E92F54EFED0018FD11 /* FestivalHistoryView.swift */; };
		7C6509EC2F54F0120018FD11 /* FESTIVAL_GROUPING_SUMMARY.md in Resources */ = {isa = PBXBuildFile; fileRef = 7C6509EB2F54F0120018FD11 /* FESTIVAL_GROUPING_SUMMARY.md */; };
		7C6509EE2F54F4D50018FD11 /* VENUE_AUTOCOMPLETE_SUMMARY.md in Resources */ = {isa = PBXBuildFile; fileRef = 7C6509ED2F54F4D50018FD11 /* VENUE_AUTOCOMPLETE_SUMMARY.md */; };
		7C6509F02F54FC490018FD11 /* ConcertExportManager.swift in Sources */ = {isa = PBXBuildFile; fileRef = 7C6509EF2F54FC490018FD11 /* ConcertExportManager.swift */; };
		7C6509F22F54FCAA0018FD11 /* EXPORT_BACKUP_SUMMARY.md in Resources */ = {isa = PBXBuildFile; fileRef = 7C6509F12F54FCAA0018FD11 /* EXPORT_BACKUP_SUMMARY.md */; };
		7C6509F42F55481C0018FD11 /* PrivacyPolicyView.swift in Sources */ = {isa = PBXBuildFile; fileRef = 7C6509F32F55481C0018FD11 /* PrivacyPolicyView.swift */; };
		7C6509F62F5548250018FD11 /* PrivacyInfo.xcprivacy in Resources */ = {isa = PBXBuildFile; fileRef = 7C6509F52F5548250018FD11 /* PrivacyInfo.xcprivacy */; };
		7C6509F82F55489F0018FD11 /* SECURITY_IMPLEMENTATION_SUMMARY.md in Resources */ = {isa = PBXBuildFile; fileRef = 7C6509F72F55489F0018FD11 /* SECURITY_IMPLEMENTATION_SUMMARY.md */; };
		7C6509FA2F5548AE0018FD11 /* EMAIL_UPDATE_REQUIRED.md in Resources */ = {isa = PBXBuildFile; fileRef = 7C6509F92F5548AE0018FD11 /* EMAIL_UPDATE_REQUIRED.md */; };
		7C6509FC2F5548C90018FD11 /* PRIVACY_MANIFEST_SETUP.md in Resources */ = {isa = PBXBuildFile; fileRef = 7C6509FB2F5548C90018FD11 /* PRIVACY_MANIFEST_SETUP.md */; };
		7C6509FE2F5549020018FD11 /* APP_STORE_SUBMISSION_CHECKLIST.md in Resources */ = {isa = PBXBuildFile; fileRef = 7C6509FD2F5549020018FD11 /* APP_STORE_SUBMISSION_CHECKLIST.md */; };
		7C650A002F5549260018FD11 /* START_HERE.md in Resources */ = {isa = PBXBuildFile; fileRef = 7C6509FF2F5549260018FD11 /* START_HERE.md */; };
		7C8B59432F51609B0040C01C /* ConcertApp.xcdatamodeld in Sources */ = {isa = PBXBuildFile; fileRef = 7C8B59412F51609B0040C01C /* ConcertApp.xcdatamodeld */; };
		7C8B59452F51645D0040C01C /* SimplifiedAppView.swift in Sources */ = {isa = PBXBuildFile; fileRef = 7C8B59442F51645D0040C01C /* SimplifiedAppView.swift */; };
		7C8B59472F5166260040C01C /* fix_project.sh in Resources */ = {isa = PBXBuildFile; fileRef = 7C8B59462F5166260040C01C /* fix_project.sh */; };
		7C8B59492F51663A0040C01C /* FINAL_FIX_INSTRUCTIONS.md in Resources */ = {isa = PBXBuildFile; fileRef = 7C8B59482F51663A0040C01C /* FINAL_FIX_INSTRUCTIONS.md */; };
		7CDB16AA2F520EAF002AD428 /* TESTING_GUIDE.md in Resources */ = {isa = PBXBuildFile; fileRef = 7CDB16A92F520EAF002AD428 /* TESTING_GUIDE.md */; };
		7CDB16B22F5218EB002AD428 /* SEARCH_SETLIST_FEATURE.md in Resources */ = {isa = PBXBuildFile; fileRef = 7CDB16B12F5218EB002AD428 /* SEARCH_SETLIST_FEATURE.md */; };
		7CDB16B42F521EEA002AD428 /* FLEXIBLE_DATE_IMPLEMENTATION.md in Resources */ = {isa = PBXBuildFile; fileRef = 7CDB16B32F521EEA002AD428 /* FLEXIBLE_DATE_IMPLEMENTATION.md */; };
/* End PBXBuildFile section */

/* Begin PBXFileReference section */
		7C1C86EC2F516E1E00B482CE /* Info.plist */ = {isa = PBXFileReference; lastKnownFileType = text.plist.xml; path = Info.plist; sourceTree = "<group>"; };
		7C6509D72F54DDAB0018FD11 /* FESTIVAL_CHANGES_SUMMARY.md */ = {isa = PBXFileReference; lastKnownFileType = net.daringfireball.markdown; path = FESTIVAL_CHANGES_SUMMARY.md; sourceTree = "<group>"; };
		7C6509D92F54E81D0018FD11 /* FestivalListView.swift */ = {isa = PBXFileReference; lastKnownFileType = sourcecode.swift; path = FestivalListView.swift; sourceTree = "<group>"; };
		7C6509DB2F54E8280018FD11 /* InsightsArtistListView.swift */ = {isa = PBXFileReference; lastKnownFileType = sourcecode.swift; path = InsightsArtistListView.swift; sourceTree = "<group>"; };
		7C6509DD2F54E8350018FD11 /* VenueListView.swift */ = {isa = PBXFileReference; lastKnownFileType = sourcecode.swift; path = VenueListView.swift; sourceTree = "<group>"; };
		7C6509DF2F54E8420018FD11 /* VenueDetailView.swift */ = {isa = PBXFileReference; lastKnownFileType = sourcecode.swift; path = VenueDetailView.swift; sourceTree = "<group>"; };
		7C6509E12F54E84C0018FD11 /* CityListView.swift */ = {isa = PBXFileReference; lastKnownFileType = sourcecode.swift; path = CityListView.swift; sourceTree = "<group>"; };
		7C6509E32F54E8590018FD11 /* CityDetailView.swift */ = {isa = PBXFileReference; lastKnownFileType = sourcecode.swift; path = CityDetailView.swift; sourceTree = "<group>"; };
		7C6509E52F54E8680018FD11 /* ThisYearConcertsView.swift */ = {isa = PBXFileReference; lastKnownFileType = sourcecode.swift; path = ThisYearConcertsView.swift; sourceTree = "<group>"; };
		7C6509E72F54E8920018FD11 /* INTERACTIVE_INSIGHTS_SUMMARY.md */ = {isa = PBXFileReference; lastKnownFileType = net.daringfireball.markdown; path = INTERACTIVE_INSIGHTS_SUMMARY.md; sourceTree = "<group>"; };
		7C6509E92F54EFED0018FD11 /* FestivalHistoryView.swift */ = {isa = PBXFileReference; lastKnownFileType = sourcecode.swift; path = FestivalHistoryView.swift; sourceTree = "<group>"; };
		7C6509EB2F54F0120018FD11 /* FESTIVAL_GROUPING_SUMMARY.md */ = {isa = PBXFileReference; lastKnownFileType = net.daringfireball.markdown; path = FESTIVAL_GROUPING_SUMMARY.md; sourceTree = "<group>"; };
		7C6509ED2F54F4D50018FD11 /* VENUE_AUTOCOMPLETE_SUMMARY.md */ = {isa = PBXFileReference; lastKnownFileType = net.daringfireball.markdown; path = VENUE_AUTOCOMPLETE_SUMMARY.md; sourceTree = "<group>"; };
		7C6509EF2F54FC490018FD11 /* ConcertExportManager.swift */ = {isa = PBXFileReference; lastKnownFileType = sourcecode.swift; path = ConcertExportManager.swift; sourceTree = "<group>"; };
		7C6509F12F54FCAA0018FD11 /* EXPORT_BACKUP_SUMMARY.md */ = {isa = PBXFileReference; lastKnownFileType = net.daringfireball.markdown; path = EXPORT_BACKUP_SUMMARY.md; sourceTree = "<group>"; };
		7C6509F32F55481C0018FD11 /* PrivacyPolicyView.swift */ = {isa = PBXFileReference; lastKnownFileType = sourcecode.swift; path = PrivacyPolicyView.swift; sourceTree = "<group>"; };
		7C6509F52F5548250018FD11 /* PrivacyInfo.xcprivacy */ = {isa = PBXFileReference; lastKnownFileType = text.xml; path = PrivacyInfo.xcprivacy; sourceTree = "<group>"; };
		7C6509F72F55489F0018FD11 /* SECURITY_IMPLEMENTATION_SUMMARY.md */ = {isa = PBXFileReference; lastKnownFileType = net.daringfireball.markdown; path = SECURITY_IMPLEMENTATION_SUMMARY.md; sourceTree = "<group>"; };
		7C6509F92F5548AE0018FD11 /* EMAIL_UPDATE_REQUIRED.md */ = {isa = PBXFileReference; lastKnownFileType = net.daringfireball.markdown; path = EMAIL_UPDATE_REQUIRED.md; sourceTree = "<group>"; };
		7C6509FB2F5548C90018FD11 /* PRIVACY_MANIFEST_SETUP.md */ = {isa = PBXFileReference; lastKnownFileType = net.daringfireball.markdown; path = PRIVACY_MANIFEST_SETUP.md; sourceTree = "<group>"; };
		7C6509FD2F5549020018FD11 /* APP_STORE_SUBMISSION_CHECKLIST.md */ = {isa = PBXFileReference; lastKnownFileType = net.daringfireball.markdown; path = APP_STORE_SUBMISSION_CHECKLIST.md; sourceTree = "<group>"; };
		7C6509FF2F5549260018FD11 /* START_HERE.md */ = {isa = PBXFileReference; lastKnownFileType = net.daringfireball.markdown; path = START_HERE.md; sourceTree = "<group>"; };
		7C8B59062F5154060040C01C /* Concert App.app */ = {isa = PBXFileReference; explicitFileType = wrapper.application; includeInIndex = 0; path = "Concert App.app"; sourceTree = BUILT_PRODUCTS_DIR; };
		7C8B59422F51609B0040C01C /* ConcertApp.xcdatamodel */ = {isa = PBXFileReference; lastKnownFileType = wrapper.xcdatamodel; path = ConcertApp.xcdatamodel; sourceTree = "<group>"; };
		7C8B59442F51645D0040C01C /* SimplifiedAppView.swift */ = {isa = PBXFileReference; lastKnownFileType = sourcecode.swift; path = SimplifiedAppView.swift; sourceTree = "<group>"; };
		7C8B59462F5166260040C01C /* fix_project.sh */ = {isa = PBXFileReference; lastKnownFileType = text.script.sh; path = fix_project.sh; sourceTree = "<group>"; };
		7C8B59482F51663A0040C01C /* FINAL_FIX_INSTRUCTIONS.md */ = {isa = PBXFileReference; lastKnownFileType = net.daringfireball.markdown; path = FINAL_FIX_INSTRUCTIONS.md; sourceTree = "<group>"; };
		7CDB16A92F520EAF002AD428 /* TESTING_GUIDE.md */ = {isa = PBXFileReference; lastKnownFileType = net.daringfireball.markdown; path = TESTING_GUIDE.md; sourceTree = "<group>"; };
		7CDB16B12F5218EB002AD428 /* SEARCH_SETLIST_FEATURE.md */ = {isa = PBXFileReference; lastKnownFileType = net.daringfireball.markdown; path = SEARCH_SETLIST_FEATURE.md; sourceTree = "<group>"; };
		7CDB16B32F521EEA002AD428 /* FLEXIBLE_DATE_IMPLEMENTATION.md */ = {isa = PBXFileReference; lastKnownFileType = net.daringfireball.markdown; path = FLEXIBLE_DATE_IMPLEMENTATION.md; sourceTree = "<group>"; };
/* End PBXFileReference section */

/* Begin PBXFileSystemSynchronizedRootGroup section */
		7C8B59082F5154060040C01C /* Concert App */ = {
			isa = PBXFileSystemSynchronizedRootGroup;
			path = "Concert App";
			sourceTree = "<group>";
		};
/* End PBXFileSystemSynchronizedRootGroup section */

/* Begin PBXFrameworksBuildPhase section */
		7C8B59032F5154060040C01C /* Frameworks */ = {
			isa = PBXFrameworksBuildPhase;
			buildActionMask = 2147483647;
			files = (
			);
			runOnlyForDeploymentPostprocessing = 0;
		};
/* End PBXFrameworksBuildPhase section */

/* Begin PBXGroup section */
		7C8B58FD2F5154060040C01C = {
			isa = PBXGroup;
			children = (
				7C8B59412F51609B0040C01C /* ConcertApp.xcdatamodeld */,
				7C8B59082F5154060040C01C /* Concert App */,
				7C8B59072F5154060040C01C /* Products */,
				7C8B59442F51645D0040C01C /* SimplifiedAppView.swift */,
				7C8B59462F5166260040C01C /* fix_project.sh */,
				7C8B59482F51663A0040C01C /* FINAL_FIX_INSTRUCTIONS.md */,
				7C1C86EC2F516E1E00B482CE /* Info.plist */,
				7CDB16A92F520EAF002AD428 /* TESTING_GUIDE.md */,
				7CDB16B12F5218EB002AD428 /* SEARCH_SETLIST_FEATURE.md */,
				7CDB16B32F521EEA002AD428 /* FLEXIBLE_DATE_IMPLEMENTATION.md */,
				7C6509D72F54DDAB0018FD11 /* FESTIVAL_CHANGES_SUMMARY.md */,
				7C6509D92F54E81D0018FD11 /* FestivalListView.swift */,
				7C6509DB2F54E8280018FD11 /* InsightsArtistListView.swift */,
				7C6509DD2F54E8350018FD11 /* VenueListView.swift */,
				7C6509DF2F54E8420018FD11 /* VenueDetailView.swift */,
				7C6509E12F54E84C0018FD11 /* CityListView.swift */,
				7C6509E32F54E8590018FD11 /* CityDetailView.swift */,
				7C6509E52F54E8680018FD11 /* ThisYearConcertsView.swift */,
				7C6509E72F54E8920018FD11 /* INTERACTIVE_INSIGHTS_SUMMARY.md */,
				7C6509E92F54EFED0018FD11 /* FestivalHistoryView.swift */,
				7C6509EB2F54F0120018FD11 /* FESTIVAL_GROUPING_SUMMARY.md */,
				7C6509ED2F54F4D50018FD11 /* VENUE_AUTOCOMPLETE_SUMMARY.md */,
				7C6509EF2F54FC490018FD11 /* ConcertExportManager.swift */,
				7C6509F12F54FCAA0018FD11 /* EXPORT_BACKUP_SUMMARY.md */,
				7C6509F32F55481C0018FD11 /* PrivacyPolicyView.swift */,
				7C6509F52F5548250018FD11 /* PrivacyInfo.xcprivacy */,
				7C6509F72F55489F0018FD11 /* SECURITY_IMPLEMENTATION_SUMMARY.md */,
				7C6509F92F5548AE0018FD11 /* EMAIL_UPDATE_REQUIRED.md */,
				7C6509FB2F5548C90018FD11 /* PRIVACY_MANIFEST_SETUP.md */,
				7C6509FD2F5549020018FD11 /* APP_STORE_SUBMISSION_CHECKLIST.md */,
				7C6509FF2F5549260018FD11 /* START_HERE.md */,
			);
			sourceTree = "<group>";
		};
		7C8B59072F5154060040C01C /* Products */ = {
			isa = PBXGroup;
			children = (
				7C8B59062F5154060040C01C /* Concert App.app */,
			);
			name = Products;
			sourceTree = "<group>";
		};
/* End PBXGroup section */

/* Begin PBXNativeTarget section */
		7C8B59052F5154060040C01C /* Concert App */ = {
			isa = PBXNativeTarget;
			buildConfigurationList = 7C8B59112F5154070040C01C /* Build configuration list for PBXNativeTarget "Concert App" */;
			buildPhases = (
				7C8B59022F5154060040C01C /* Sources */,
				7C8B59032F5154060040C01C /* Frameworks */,
				7C8B59042F5154060040C01C /* Resources */,
			);
			buildRules = (
			);
			dependencies = (
			);
			fileSystemSynchronizedGroups = (
				7C8B59082F5154060040C01C /* Concert App */,
			);
			name = "Concert App";
			packageProductDependencies = (
			);
			productName = "Concert App";
			productReference = 7C8B59062F5154060040C01C /* Concert App.app */;
			productType = "com.apple.product-type.application";
		};
/* End PBXNativeTarget section */

/* Begin PBXProject section */
		7C8B58FE2F5154060040C01C /* Project object */ = {
			isa = PBXProject;
			attributes = {
				BuildIndependentTargetsInParallel = 1;
				LastSwiftUpdateCheck = 2620;
				LastUpgradeCheck = 2620;
				TargetAttributes = {
					7C8B59052F5154060040C01C = {
						CreatedOnToolsVersion = 26.2;
					};
				};
			};
			buildConfigurationList = 7C8B59012F5154060040C01C /* Build configuration list for PBXProject "Concert App" */;
			developmentRegion = en;
			hasScannedForEncodings = 0;
			knownRegions = (
				en,
				Base,
			);
			mainGroup = 7C8B58FD2F5154060040C01C;
			minimizedProjectReferenceProxies = 1;
			preferredProjectObjectVersion = 77;
			productRefGroup = 7C8B59072F5154060040C01C /* Products */;
			projectDirPath = "";
			projectRoot = "";
			targets = (
				7C8B59052F5154060040C01C /* Concert App */,
			);
		};
/* End PBXProject section */

/* Begin PBXResourcesBuildPhase section */
		7C8B59042F5154060040C01C /* Resources */ = {
			isa = PBXResourcesBuildPhase;
			buildActionMask = 2147483647;
			files = (
				7CDB16B42F521EEA002AD428 /* FLEXIBLE_DATE_IMPLEMENTATION.md in Resources */,
				7CDB16AA2F520EAF002AD428 /* TESTING_GUIDE.md in Resources */,
				7CDB16B22F5218EB002AD428 /* SEARCH_SETLIST_FEATURE.md in Resources */,
				7C8B59472F5166260040C01C /* fix_project.sh in Resources */,
				7C8B59492F51663A0040C01C /* FINAL_FIX_INSTRUCTIONS.md in Resources */,
				7C6509EC2F54F0120018FD11 /* FESTIVAL_GROUPING_SUMMARY.md in Resources */,
				7C6509F62F5548250018FD11 /* PrivacyInfo.xcprivacy in Resources */,
				7C6509FE2F5549020018FD11 /* APP_STORE_SUBMISSION_CHECKLIST.md in Resources */,
				7C650A002F5549260018FD11 /* START_HERE.md in Resources */,
				7C6509E82F54E8920018FD11 /* INTERACTIVE_INSIGHTS_SUMMARY.md in Resources */,
				7C6509F22F54FCAA0018FD11 /* EXPORT_BACKUP_SUMMARY.md in Resources */,
				7C6509FA2F5548AE0018FD11 /* EMAIL_UPDATE_REQUIRED.md in Resources */,
				7C6509FC2F5548C90018FD11 /* PRIVACY_MANIFEST_SETUP.md in Resources */,
				7C6509F82F55489F0018FD11 /* SECURITY_IMPLEMENTATION_SUMMARY.md in Resources */,
				7C6509EE2F54F4D50018FD11 /* VENUE_AUTOCOMPLETE_SUMMARY.md in Resources */,
				7C6509D82F54DDAB0018FD11 /* FESTIVAL_CHANGES_SUMMARY.md in Resources */,
			);
			runOnlyForDeploymentPostprocessing = 0;
		};
/* End PBXResourcesBuildPhase section */

/* Begin PBXSourcesBuildPhase section */
		7C8B59022F5154060040C01C /* Sources */ = {
			isa = PBXSourcesBuildPhase;
			buildActionMask = 2147483647;
			files = (
				7C8B59452F51645D0040C01C /* SimplifiedAppView.swift in Sources */,
				7C6509F02F54FC490018FD11 /* ConcertExportManager.swift in Sources */,
				7C6509EA2F54EFED0018FD11 /* FestivalHistoryView.swift in Sources */,
				7C8B59432F51609B0040C01C /* ConcertApp.xcdatamodeld in Sources */,
				7C6509DE2F54E8350018FD11 /* VenueListView.swift in Sources */,
				7C6509F42F55481C0018FD11 /* PrivacyPolicyView.swift in Sources */,
				7C6509DC2F54E8280018FD11 /* InsightsArtistListView.swift in Sources */,
				7C6509E42F54E8590018FD11 /* CityDetailView.swift in Sources */,
				7C6509E02F54E8420018FD11 /* VenueDetailView.swift in Sources */,
				7C6509E22F54E84C0018FD11 /* CityListView.swift in Sources */,
				7C6509DA2F54E81D0018FD11 /* FestivalListView.swift in Sources */,
				7C6509E62F54E8680018FD11 /* ThisYearConcertsView.swift in Sources */,
			);
			runOnlyForDeploymentPostprocessing = 0;
		};
/* End PBXSourcesBuildPhase section */

/* Begin XCBuildConfiguration section */
		7C8B590F2F5154070040C01C /* Debug */ = {
			isa = XCBuildConfiguration;
			buildSettings = {
				ALWAYS_SEARCH_USER_PATHS = NO;
				ASSETCATALOG_COMPILER_GENERATE_SWIFT_ASSET_SYMBOL_EXTENSIONS = YES;
				CLANG_ANALYZER_NONNULL = YES;
				CLANG_ANALYZER_NUMBER_OBJECT_CONVERSION = YES_AGGRESSIVE;
				CLANG_CXX_LANGUAGE_STANDARD = "gnu++20";
				CLANG_ENABLE_MODULES = YES;
				CLANG_ENABLE_OBJC_ARC = YES;
				CLANG_ENABLE_OBJC_WEAK = YES;
				CLANG_WARN_BLOCK_CAPTURE_AUTORELEASING = YES;
				CLANG_WARN_BOOL_CONVERSION = YES;
				CLANG_WARN_COMMA = YES;
				CLANG_WARN_CONSTANT_CONVERSION = YES;
				CLANG_WARN_DEPRECATED_OBJC_IMPLEMENTATIONS = YES;
				CLANG_WARN_DIRECT_OBJC_ISA_USAGE = YES_ERROR;
				CLANG_WARN_DOCUMENTATION_COMMENTS = YES;
				CLANG_WARN_EMPTY_BODY = YES;
				CLANG_WARN_ENUM_CONVERSION = YES;
				CLANG_WARN_INFINITE_RECURSION = YES;
				CLANG_WARN_INT_CONVERSION = YES;
				CLANG_WARN_NON_LITERAL_NULL_CONVERSION = YES;
				CLANG_WARN_OBJC_IMPLICIT_RETAIN_SELF = YES;
				CLANG_WARN_OBJC_LITERAL_CONVERSION = YES;
				CLANG_WARN_OBJC_ROOT_CLASS = YES_ERROR;
				CLANG_WARN_QUOTED_INCLUDE_IN_FRAMEWORK_HEADER = YES;
				CLANG_WARN_RANGE_LOOP_ANALYSIS = YES;
				CLANG_WARN_STRICT_PROTOTYPES = YES;
				CLANG_WARN_SUSPICIOUS_MOVE = YES;
				CLANG_WARN_UNGUARDED_AVAILABILITY = YES_AGGRESSIVE;
				CLANG_WARN_UNREACHABLE_CODE = YES;
				CLANG_WARN__DUPLICATE_METHOD_MATCH = YES;
				COPY_PHASE_STRIP = NO;
				DEBUG_INFORMATION_FORMAT = dwarf;
				DEVELOPMENT_TEAM = 459TC46MLY;
				ENABLE_STRICT_OBJC_MSGSEND = YES;
				ENABLE_TESTABILITY = YES;
				ENABLE_USER_SCRIPT_SANDBOXING = YES;
				GCC_C_LANGUAGE_STANDARD = gnu17;
				GCC_DYNAMIC_NO_PIC = NO;
				GCC_NO_COMMON_BLOCKS = YES;
				GCC_OPTIMIZATION_LEVEL = 0;
				GCC_PREPROCESSOR_DEFINITIONS = (
					"DEBUG=1",
					"$(inherited)",
				);
				GCC_WARN_64_TO_32_BIT_CONVERSION = YES;
				GCC_WARN_ABOUT_RETURN_TYPE = YES_ERROR;
				GCC_WARN_UNDECLARED_SELECTOR = YES;
				GCC_WARN_UNINITIALIZED_AUTOS = YES_AGGRESSIVE;
				GCC_WARN_UNUSED_FUNCTION = YES;
				GCC_WARN_UNUSED_VARIABLE = YES;
				IPHONEOS_DEPLOYMENT_TARGET = 17.0;
				LOCALIZATION_PREFERS_STRING_CATALOGS = YES;
				MTL_ENABLE_DEBUG_INFO = INCLUDE_SOURCE;
				MTL_FAST_MATH = YES;
				ONLY_ACTIVE_ARCH = YES;
				SDKROOT = iphoneos;
				SWIFT_ACTIVE_COMPILATION_CONDITIONS = "DEBUG $(inherited)";
				SWIFT_OPTIMIZATION_LEVEL = "-Onone";
			};
			name = Debug;
		};
		7C8B59102F5154070040C01C /* Release */ = {
			isa = XCBuildConfiguration;
			buildSettings = {
				ALWAYS_SEARCH_USER_PATHS = NO;
				ASSETCATALOG_COMPILER_GENERATE_SWIFT_ASSET_SYMBOL_EXTENSIONS = YES;
				CLANG_ANALYZER_NONNULL = YES;
				CLANG_ANALYZER_NUMBER_OBJECT_CONVERSION = YES_AGGRESSIVE;
				CLANG_CXX_LANGUAGE_STANDARD = "gnu++20";
				CLANG_ENABLE_MODULES = YES;
				CLANG_ENABLE_OBJC_ARC = YES;
				CLANG_ENABLE_OBJC_WEAK = YES;
				CLANG_WARN_BLOCK_CAPTURE_AUTORELEASING = YES;
				CLANG_WARN_BOOL_CONVERSION = YES;
				CLANG_WARN_COMMA = YES;
				CLANG_WARN_CONSTANT_CONVERSION = YES;
				CLANG_WARN_DEPRECATED_OBJC_IMPLEMENTATIONS = YES;
				CLANG_WARN_DIRECT_OBJC_ISA_USAGE = YES_ERROR;
				CLANG_WARN_DOCUMENTATION_COMMENTS = YES;
				CLANG_WARN_EMPTY_BODY = YES;
				CLANG_WARN_ENUM_CONVERSION = YES;
				CLANG_WARN_INFINITE_RECURSION = YES;
				CLANG_WARN_INT_CONVERSION = YES;
				CLANG_WARN_NON_LITERAL_NULL_CONVERSION = YES;
				CLANG_WARN_OBJC_IMPLICIT_RETAIN_SELF = YES;
				CLANG_WARN_OBJC_LITERAL_CONVERSION = YES;
				CLANG_WARN_OBJC_ROOT_CLASS = YES_ERROR;
				CLANG_WARN_QUOTED_INCLUDE_IN_FRAMEWORK_HEADER = YES;
				CLANG_WARN_RANGE_LOOP_ANALYSIS = YES;
				CLANG_WARN_STRICT_PROTOTYPES = YES;
				CLANG_WARN_SUSPICIOUS_MOVE = YES;
				CLANG_WARN_UNGUARDED_AVAILABILITY = YES_AGGRESSIVE;
				CLANG_WARN_UNREACHABLE_CODE = YES;
				CLANG_WARN__DUPLICATE_METHOD_MATCH = YES;
				COPY_PHASE_STRIP = NO;
				DEBUG_INFORMATION_FORMAT = "dwarf-with-dsym";
				DEVELOPMENT_TEAM = 459TC46MLY;
				ENABLE_NS_ASSERTIONS = NO;
				ENABLE_STRICT_OBJC_MSGSEND = YES;
				ENABLE_USER_SCRIPT_SANDBOXING = YES;
				GCC_C_LANGUAGE_STANDARD = gnu17;
				GCC_NO_COMMON_BLOCKS = YES;
				GCC_WARN_64_TO_32_BIT_CONVERSION = YES;
				GCC_WARN_ABOUT_RETURN_TYPE = YES_ERROR;
				GCC_WARN_UNDECLARED_SELECTOR = YES;
				GCC_WARN_UNINITIALIZED_AUTOS = YES_AGGRESSIVE;
				GCC_WARN_UNUSED_FUNCTION = YES;
				GCC_WARN_UNUSED_VARIABLE = YES;
				IPHONEOS_DEPLOYMENT_TARGET = 17.0;
				LOCALIZATION_PREFERS_STRING_CATALOGS = YES;
				MTL_ENABLE_DEBUG_INFO = NO;
				MTL_FAST_MATH = YES;
				SDKROOT = iphoneos;
				SWIFT_COMPILATION_MODE = wholemodule;
				VALIDATE_PRODUCT = YES;
			};
			name = Release;
		};
		7C8B59122F5154070040C01C /* Debug */ = {
			isa = XCBuildConfiguration;
			buildSettings = {
				ASSETCATALOG_COMPILER_APPICON_NAME = AppIcon;
				ASSETCATALOG_COMPILER_GLOBAL_ACCENT_COLOR_NAME = AccentColor;
				CODE_SIGN_STYLE = Automatic;
				CURRENT_PROJECT_VERSION = 1;
				DEVELOPMENT_TEAM = 459TC46MLY;
				ENABLE_PREVIEWS = YES;
				GENERATE_INFOPLIST_FILE = YES;
				INFOPLIST_FILE = "Concert-App-Info.plist";
				INFOPLIST_KEY_NSPhotoLibraryAddUsageDescription = "We need access to save photos to concerts";
				INFOPLIST_KEY_NSPhotoLibraryUsageDescription = "We need access to attach photos from your library to concerts";
				INFOPLIST_KEY_UIApplicationSceneManifest_Generation = YES;
				INFOPLIST_KEY_UIApplicationSupportsIndirectInputEvents = YES;
				INFOPLIST_KEY_UILaunchScreen_Generation = YES;
				INFOPLIST_KEY_UISupportedInterfaceOrientations_iPad = "UIInterfaceOrientationPortrait UIInterfaceOrientationPortraitUpsideDown UIInterfaceOrientationLandscapeLeft UIInterfaceOrientationLandscapeRight";
				INFOPLIST_KEY_UISupportedInterfaceOrientations_iPhone = "UIInterfaceOrientationPortrait UIInterfaceOrientationLandscapeLeft UIInterfaceOrientationLandscapeRight";
				LD_RUNPATH_SEARCH_PATHS = (
					"$(inherited)",
					"@executable_path/Frameworks",
				);
				MARKETING_VERSION = 1.0;
				PRODUCT_BUNDLE_IDENTIFIER = "miketempestini.Concert-App";
				PRODUCT_NAME = "$(TARGET_NAME)";
				STRING_CATALOG_GENERATE_SYMBOLS = YES;
				SWIFT_APPROACHABLE_CONCURRENCY = YES;
				SWIFT_DEFAULT_ACTOR_ISOLATION = MainActor;
				SWIFT_EMIT_LOC_STRINGS = YES;
				SWIFT_UPCOMING_FEATURE_MEMBER_IMPORT_VISIBILITY = YES;
				SWIFT_VERSION = 5.0;
				TARGETED_DEVICE_FAMILY = "1,2";
			};
			name = Debug;
		};
		7C8B59132F5154070040C01C /* Release */ = {
			isa = XCBuildConfiguration;
			buildSettings = {
				ASSETCATALOG_COMPILER_APPICON_NAME = AppIcon;
				ASSETCATALOG_COMPILER_GLOBAL_ACCENT_COLOR_NAME = AccentColor;
				CODE_SIGN_STYLE = Automatic;
				CURRENT_PROJECT_VERSION = 1;
				DEVELOPMENT_TEAM = 459TC46MLY;
				ENABLE_PREVIEWS = YES;
				GENERATE_INFOPLIST_FILE = YES;
				INFOPLIST_FILE = "Concert-App-Info.plist";
				INFOPLIST_KEY_NSPhotoLibraryAddUsageDescription = "We need access to save photos to concerts";
				INFOPLIST_KEY_NSPhotoLibraryUsageDescription = "We need access to attach photos from your library to concerts";
				INFOPLIST_KEY_UIApplicationSceneManifest_Generation = YES;
				INFOPLIST_KEY_UIApplicationSupportsIndirectInputEvents = YES;
				INFOPLIST_KEY_UILaunchScreen_Generation = YES;
				INFOPLIST_KEY_UISupportedInterfaceOrientations_iPad = "UIInterfaceOrientationPortrait UIInterfaceOrientationPortraitUpsideDown UIInterfaceOrientationLandscapeLeft UIInterfaceOrientationLandscapeRight";
				INFOPLIST_KEY_UISupportedInterfaceOrientations_iPhone = "UIInterfaceOrientationPortrait UIInterfaceOrientationLandscapeLeft UIInterfaceOrientationLandscapeRight";
				LD_RUNPATH_SEARCH_PATHS = (
					"$(inherited)",
					"@executable_path/Frameworks",
				);
				MARKETING_VERSION = 1.0;
				PRODUCT_BUNDLE_IDENTIFIER = "miketempestini.Concert-App";
				PRODUCT_NAME = "$(TARGET_NAME)";
				STRING_CATALOG_GENERATE_SYMBOLS = YES;
				SWIFT_APPROACHABLE_CONCURRENCY = YES;
				SWIFT_DEFAULT_ACTOR_ISOLATION = MainActor;
				SWIFT_EMIT_LOC_STRINGS = YES;
				SWIFT_UPCOMING_FEATURE_MEMBER_IMPORT_VISIBILITY = YES;
				SWIFT_VERSION = 5.0;
				TARGETED_DEVICE_FAMILY = "1,2";
			};
			name = Release;
		};
/* End XCBuildConfiguration section */

/* Begin XCConfigurationList section */
		7C8B59012F5154060040C01C /* Build configuration list for PBXProject "Concert App" */ = {
			isa = XCConfigurationList;
			buildConfigurations = (
				7C8B590F2F5154070040C01C /* Debug */,
				7C8B59102F5154070040C01C /* Release */,
			);
			defaultConfigurationIsVisible = 0;
			defaultConfigurationName = Release;
		};
		7C8B59112F5154070040C01C /* Build configuration list for PBXNativeTarget "Concert App" */ = {
			isa = XCConfigurationList;
			buildConfigurations = (
				7C8B59122F5154070040C01C /* Debug */,
				7C8B59132F5154070040C01C /* Release */,
			);
			defaultConfigurationIsVisible = 0;
			defaultConfigurationName = Release;
		};
/* End XCConfigurationList section */

/* Begin XCVersionGroup section */
		7C8B59412F51609B0040C01C /* ConcertApp.xcdatamodeld */ = {
			isa = XCVersionGroup;
			children = (
				7C8B59422F51609B0040C01C /* ConcertApp.xcdatamodel */,
			);
			currentVersion = 7C8B59422F51609B0040C01C /* ConcertApp.xcdatamodel */;
			path = ConcertApp.xcdatamodeld;
			sourceTree = "<group>";
			versionGroupType = wrapper.xcdatamodel;
		};
/* End XCVersionGroup section */
	};
	rootObject = 7C8B58FE2F5154060040C01C /* Project object */;
}
